
Microsoft Visual Studio Solution File, Format Version 12.00
# Visual Studio Version 17
VisualStudioVersion = 17.3.32922.545
MinimumVisualStudioVersion = 10.0.40219.1
Project("{2150E333-8FDC-42A3-9474-1A3956D46DE8}") = "WriteModel", "WriteModel", "{0D602698-6D77-4F3E-AF46-AC9F62DB74FE}"
EndProject
Project("{2150E333-8FDC-42A3-9474-1A3956D46DE8}") = "Framework", "Framework", "{C5FBBA9A-CC5D-4782-8ED8-37CFD9B9CC09}"
EndProject
Project("{9A19103F-16F7-4668-BE54-9A1E7A4F7556}") = "Framework.ApplicationService", "Framework\Framework.ApplicationService\Framework.ApplicationService.csproj", "{8AB96291-6672-4EA4-8FE7-55E8DED3A6D6}"
EndProject
Project("{9A19103F-16F7-4668-BE54-9A1E7A4F7556}") = "Framework.AssemblyHelper", "Framework\Framework.AssemblyHelper\Framework.AssemblyHelper.csproj", "{9EEDC151-A698-417E-B871-646682D63F77}"
EndProject
Project("{9A19103F-16F7-4668-BE54-9A1E7A4F7556}") = "Framework.Core", "Framework\Framework.Core\Framework.Core.csproj", "{2076F214-3325-4BCE-84C5-02C0A5DFF830}"
EndProject
Project("{9A19103F-16F7-4668-BE54-9A1E7A4F7556}") = "framework.DependencyInjection", "Framework\framework.DependencyInjection\framework.DependencyInjection.csproj", "{F3DE6C0D-2867-4F35-9DC1-372F8AC2D533}"
EndProject
Project("{9A19103F-16F7-4668-BE54-9A1E7A4F7556}") = "Framework.Domain", "Framework\Framework.Domain\Framework.Domain.csproj", "{2F23180A-709F-410F-B1D2-BA3A5CB0CC5F}"
EndProject
Project("{9A19103F-16F7-4668-BE54-9A1E7A4F7556}") = "Framework.Facade", "Framework\Framework.Facade\Framework.Facade.csproj", "{43D6028E-8958-4A8A-9873-A61D47444C0F}"
EndProject
Project("{9A19103F-16F7-4668-BE54-9A1E7A4F7556}") = "Framework.Persistence", "Framework\Framework.Persistence\Framework.Persistence.csproj", "{A72BDF80-860B-4440-A760-6E068CD0EBBA}"
EndProject
Project("{2150E333-8FDC-42A3-9474-1A3956D46DE8}") = "TicketContext", "TicketContext", "{3D974060-1222-4BEA-ACAB-1E67BDD59271}"
EndProject
Project("{2150E333-8FDC-42A3-9474-1A3956D46DE8}") = "Domain", "Domain", "{70F1CFF4-018D-4081-9F29-E953D6B3AB55}"
EndProject
Project("{9A19103F-16F7-4668-BE54-9A1E7A4F7556}") = "TicketContext.Domain.Test", "WriteModel\Ticket\Domain\TicketContext.Domain.Test\TicketContext.Domain.Test.csproj", "{EE48E013-3664-4C97-82A1-8FCB3117587F}"
EndProject
Project("{2150E333-8FDC-42A3-9474-1A3956D46DE8}") = "Resource", "Resource", "{91DC27C1-2AEE-4D21-B7F6-3F0438765840}"
EndProject
Project("{9A19103F-16F7-4668-BE54-9A1E7A4F7556}") = "TicketContext.Resource", "WriteModel\Ticket\Resource\TicketContext.Resource\TicketContext.Resource.csproj", "{0ACDF8AF-42E0-4892-B24F-C0427469A799}"
EndProject
Project("{9A19103F-16F7-4668-BE54-9A1E7A4F7556}") = "TicketContext.Domain", "WriteModel\Ticket\Domain\TicketContext.Domain\TicketContext.Domain.csproj", "{6258F1FE-6B2D-47EE-9989-20232A7DD761}"
EndProject
Project("{9A19103F-16F7-4668-BE54-9A1E7A4F7556}") = "TicketContext.Domain.Services", "WriteModel\Ticket\Domain\TicketContext.Domain.Services\TicketContext.Domain.Services.csproj", "{72FEB110-D1B1-4541-8780-F859FE457903}"
EndProject
Project("{2150E333-8FDC-42A3-9474-1A3956D46DE8}") = "ApplicationService", "ApplicationService", "{A38FE9A0-0504-4FDA-BDE3-40B532765D39}"
EndProject
Project("{9A19103F-16F7-4668-BE54-9A1E7A4F7556}") = "TicketContext.ApplicationService", "WriteModel\Ticket\ApplicationService\TicketContext.ApplicationService\TicketContext.ApplicationService.csproj", "{5240AFEF-9746-45BB-B2DC-DDD09A737873}"
EndProject
Project("{9A19103F-16F7-4668-BE54-9A1E7A4F7556}") = "TicketContext.ApplicationService.Contract", "WriteModel\Ticket\ApplicationService\TicketContext.ApplicationService.Contract\TicketContext.ApplicationService.Contract.csproj", "{3B5F813E-46FE-4015-9E13-D09C263C2FF8}"
EndProject
Project("{2150E333-8FDC-42A3-9474-1A3956D46DE8}") = "Infrastructure", "Infrastructure", "{5C11BF7B-FA42-4438-925A-C0FBAA1BBEE7}"
EndProject
Project("{9A19103F-16F7-4668-BE54-9A1E7A4F7556}") = "TicketContext.Infrastructure", "WriteModel\Ticket\Infrastructure\TicketContext.Infrastructure\TicketContext.Infrastructure.csproj", "{F624108E-66E1-410E-A7D1-7D30FCBE144B}"
EndProject
Project("{9A19103F-16F7-4668-BE54-9A1E7A4F7556}") = "Persistence", "WriteModel\Persistence\Persistence\Persistence.csproj", "{C7C98696-B5D7-48F2-A398-87041784940D}"
EndProject
Project("{2150E333-8FDC-42A3-9474-1A3956D46DE8}") = "Facade", "Facade", "{6DD9DC20-BDC3-4C23-AD6A-832F60C4D22E}"
EndProject
Project("{9A19103F-16F7-4668-BE54-9A1E7A4F7556}") = "TicketContext.Facade", "WriteModel\Ticket\Facade\TicketContext.Facade\TicketContext.Facade.csproj", "{8ABCFD7C-9D86-4DD8-8DE4-E19F9B67EE15}"
EndProject
Project("{9A19103F-16F7-4668-BE54-9A1E7A4F7556}") = "TicketContext.Facade.Contract", "WriteModel\Ticket\Facade\TicketContext.CenterCommandFacade.Contract\TicketContext.Facade.Contract.csproj", "{5DC89911-30A5-49E1-BA3A-999FD1300061}"
EndProject
Project("{9A19103F-16F7-4668-BE54-9A1E7A4F7556}") = "API", "API\API.csproj", "{E5BEDB5C-0A30-4214-BE2A-CCB76AC88D83}"
EndProject
Project("{9A19103F-16F7-4668-BE54-9A1E7A4F7556}") = "TicketContext.Configuration", "WriteModel\Ticket\TicketContext.Configuration\TicketContext.Configuration.csproj", "{9F2C6CCA-A1BD-445E-BBC8-44ECA1045178}"
EndProject
Project("{2150E333-8FDC-42A3-9474-1A3956D46DE8}") = "Contracts", "Contracts", "{32F0F3E1-4C50-4FFD-B43E-D27AA33AE34B}"
EndProject
Project("{2150E333-8FDC-42A3-9474-1A3956D46DE8}") = "TicketContext", "TicketContext", "{6E2878F3-ACDA-4A9C-AEE9-3D11ED95DD1C}"
EndProject
Project("{FAE04EC0-301F-11D3-BF4B-00C04F79EFBC}") = "TicketContext.Contract", "Contract\TicketContext.Contract\TicketContext.Contract.csproj", "{911E06FB-8CD0-4D0B-BE65-5520A8477B2F}"
EndProject
Global
	GlobalSection(SolutionConfigurationPlatforms) = preSolution
		Debug|Any CPU = Debug|Any CPU
		Release|Any CPU = Release|Any CPU
	EndGlobalSection
	GlobalSection(ProjectConfigurationPlatforms) = postSolution
		{8AB96291-6672-4EA4-8FE7-55E8DED3A6D6}.Debug|Any CPU.ActiveCfg = Debug|Any CPU
		{8AB96291-6672-4EA4-8FE7-55E8DED3A6D6}.Debug|Any CPU.Build.0 = Debug|Any CPU
		{8AB96291-6672-4EA4-8FE7-55E8DED3A6D6}.Release|Any CPU.ActiveCfg = Release|Any CPU
		{8AB96291-6672-4EA4-8FE7-55E8DED3A6D6}.Release|Any CPU.Build.0 = Release|Any CPU
		{9EEDC151-A698-417E-B871-646682D63F77}.Debug|Any CPU.ActiveCfg = Debug|Any CPU
		{9EEDC151-A698-417E-B871-646682D63F77}.Debug|Any CPU.Build.0 = Debug|Any CPU
		{9EEDC151-A698-417E-B871-646682D63F77}.Release|Any CPU.ActiveCfg = Release|Any CPU
		{9EEDC151-A698-417E-B871-646682D63F77}.Release|Any CPU.Build.0 = Release|Any CPU
		{2076F214-3325-4BCE-84C5-02C0A5DFF830}.Debug|Any CPU.ActiveCfg = Debug|Any CPU
		{2076F214-3325-4BCE-84C5-02C0A5DFF830}.Debug|Any CPU.Build.0 = Debug|Any CPU
		{2076F214-3325-4BCE-84C5-02C0A5DFF830}.Release|Any CPU.ActiveCfg = Release|Any CPU
		{2076F214-3325-4BCE-84C5-02C0A5DFF830}.Release|Any CPU.Build.0 = Release|Any CPU
		{F3DE6C0D-2867-4F35-9DC1-372F8AC2D533}.Debug|Any CPU.ActiveCfg = Debug|Any CPU
		{F3DE6C0D-2867-4F35-9DC1-372F8AC2D533}.Debug|Any CPU.Build.0 = Debug|Any CPU
		{F3DE6C0D-2867-4F35-9DC1-372F8AC2D533}.Release|Any CPU.ActiveCfg = Release|Any CPU
		{F3DE6C0D-2867-4F35-9DC1-372F8AC2D533}.Release|Any CPU.Build.0 = Release|Any CPU
		{2F23180A-709F-410F-B1D2-BA3A5CB0CC5F}.Debug|Any CPU.ActiveCfg = Debug|Any CPU
		{2F23180A-709F-410F-B1D2-BA3A5CB0CC5F}.Debug|Any CPU.Build.0 = Debug|Any CPU
		{2F23180A-709F-410F-B1D2-BA3A5CB0CC5F}.Release|Any CPU.ActiveCfg = Release|Any CPU
		{2F23180A-709F-410F-B1D2-BA3A5CB0CC5F}.Release|Any CPU.Build.0 = Release|Any CPU
		{43D6028E-8958-4A8A-9873-A61D47444C0F}.Debug|Any CPU.ActiveCfg = Debug|Any CPU
		{43D6028E-8958-4A8A-9873-A61D47444C0F}.Debug|Any CPU.Build.0 = Debug|Any CPU
		{43D6028E-8958-4A8A-9873-A61D47444C0F}.Release|Any CPU.ActiveCfg = Release|Any CPU
		{43D6028E-8958-4A8A-9873-A61D47444C0F}.Release|Any CPU.Build.0 = Release|Any CPU
		{A72BDF80-860B-4440-A760-6E068CD0EBBA}.Debug|Any CPU.ActiveCfg = Debug|Any CPU
		{A72BDF80-860B-4440-A760-6E068CD0EBBA}.Debug|Any CPU.Build.0 = Debug|Any CPU
		{A72BDF80-860B-4440-A760-6E068CD0EBBA}.Release|Any CPU.ActiveCfg = Release|Any CPU
		{A72BDF80-860B-4440-A760-6E068CD0EBBA}.Release|Any CPU.Build.0 = Release|Any CPU
		{EE48E013-3664-4C97-82A1-8FCB3117587F}.Debug|Any CPU.ActiveCfg = Debug|Any CPU
		{EE48E013-3664-4C97-82A1-8FCB3117587F}.Debug|Any CPU.Build.0 = Debug|Any CPU
		{EE48E013-3664-4C97-82A1-8FCB3117587F}.Release|Any CPU.ActiveCfg = Release|Any CPU
		{EE48E013-3664-4C97-82A1-8FCB3117587F}.Release|Any CPU.Build.0 = Release|Any CPU
		{0ACDF8AF-42E0-4892-B24F-C0427469A799}.Debug|Any CPU.ActiveCfg = Debug|Any CPU
		{0ACDF8AF-42E0-4892-B24F-C0427469A799}.Debug|Any CPU.Build.0 = Debug|Any CPU
		{0ACDF8AF-42E0-4892-B24F-C0427469A799}.Release|Any CPU.ActiveCfg = Release|Any CPU
		{0ACDF8AF-42E0-4892-B24F-C0427469A799}.Release|Any CPU.Build.0 = Release|Any CPU
		{6258F1FE-6B2D-47EE-9989-20232A7DD761}.Debug|Any CPU.ActiveCfg = Debug|Any CPU
		{6258F1FE-6B2D-47EE-9989-20232A7DD761}.Debug|Any CPU.Build.0 = Debug|Any CPU
		{6258F1FE-6B2D-47EE-9989-20232A7DD761}.Release|Any CPU.ActiveCfg = Release|Any CPU
		{6258F1FE-6B2D-47EE-9989-20232A7DD761}.Release|Any CPU.Build.0 = Release|Any CPU
		{72FEB110-D1B1-4541-8780-F859FE457903}.Debug|Any CPU.ActiveCfg = Debug|Any CPU
		{72FEB110-D1B1-4541-8780-F859FE457903}.Debug|Any CPU.Build.0 = Debug|Any CPU
		{72FEB110-D1B1-4541-8780-F859FE457903}.Release|Any CPU.ActiveCfg = Release|Any CPU
		{72FEB110-D1B1-4541-8780-F859FE457903}.Release|Any CPU.Build.0 = Release|Any CPU
		{5240AFEF-9746-45BB-B2DC-DDD09A737873}.Debug|Any CPU.ActiveCfg = Debug|Any CPU
		{5240AFEF-9746-45BB-B2DC-DDD09A737873}.Debug|Any CPU.Build.0 = Debug|Any CPU
		{5240AFEF-9746-45BB-B2DC-DDD09A737873}.Release|Any CPU.ActiveCfg = Release|Any CPU
		{5240AFEF-9746-45BB-B2DC-DDD09A737873}.Release|Any CPU.Build.0 = Release|Any CPU
		{3B5F813E-46FE-4015-9E13-D09C263C2FF8}.Debug|Any CPU.ActiveCfg = Debug|Any CPU
		{3B5F813E-46FE-4015-9E13-D09C263C2FF8}.Debug|Any CPU.Build.0 = Debug|Any CPU
		{3B5F813E-46FE-4015-9E13-D09C263C2FF8}.Release|Any CPU.ActiveCfg = Release|Any CPU
		{3B5F813E-46FE-4015-9E13-D09C263C2FF8}.Release|Any CPU.Build.0 = Release|Any CPU
		{F624108E-66E1-410E-A7D1-7D30FCBE144B}.Debug|Any CPU.ActiveCfg = Debug|Any CPU
		{F624108E-66E1-410E-A7D1-7D30FCBE144B}.Debug|Any CPU.Build.0 = Debug|Any CPU
		{F624108E-66E1-410E-A7D1-7D30FCBE144B}.Release|Any CPU.ActiveCfg = Release|Any CPU
		{F624108E-66E1-410E-A7D1-7D30FCBE144B}.Release|Any CPU.Build.0 = Release|Any CPU
		{C7C98696-B5D7-48F2-A398-87041784940D}.Debug|Any CPU.ActiveCfg = Debug|Any CPU
		{C7C98696-B5D7-48F2-A398-87041784940D}.Debug|Any CPU.Build.0 = Debug|Any CPU
		{C7C98696-B5D7-48F2-A398-87041784940D}.Release|Any CPU.ActiveCfg = Release|Any CPU
		{C7C98696-B5D7-48F2-A398-87041784940D}.Release|Any CPU.Build.0 = Release|Any CPU
		{8ABCFD7C-9D86-4DD8-8DE4-E19F9B67EE15}.Debug|Any CPU.ActiveCfg = Debug|Any CPU
		{8ABCFD7C-9D86-4DD8-8DE4-E19F9B67EE15}.Debug|Any CPU.Build.0 = Debug|Any CPU
		{8ABCFD7C-9D86-4DD8-8DE4-E19F9B67EE15}.Release|Any CPU.ActiveCfg = Release|Any CPU
		{8ABCFD7C-9D86-4DD8-8DE4-E19F9B67EE15}.Release|Any CPU.Build.0 = Release|Any CPU
		{5DC89911-30A5-49E1-BA3A-999FD1300061}.Debug|Any CPU.ActiveCfg = Debug|Any CPU
		{5DC89911-30A5-49E1-BA3A-999FD1300061}.Debug|Any CPU.Build.0 = Debug|Any CPU
		{5DC89911-30A5-49E1-BA3A-999FD1300061}.Release|Any CPU.ActiveCfg = Release|Any CPU
		{5DC89911-30A5-49E1-BA3A-999FD1300061}.Release|Any CPU.Build.0 = Release|Any CPU
		{E5BEDB5C-0A30-4214-BE2A-CCB76AC88D83}.Debug|Any CPU.ActiveCfg = Debug|Any CPU
		{E5BEDB5C-0A30-4214-BE2A-CCB76AC88D83}.Debug|Any CPU.Build.0 = Debug|Any CPU
		{E5BEDB5C-0A30-4214-BE2A-CCB76AC88D83}.Release|Any CPU.ActiveCfg = Release|Any CPU
		{E5BEDB5C-0A30-4214-BE2A-CCB76AC88D83}.Release|Any CPU.Build.0 = Release|Any CPU
		{9F2C6CCA-A1BD-445E-BBC8-44ECA1045178}.Debug|Any CPU.ActiveCfg = Debug|Any CPU
		{9F2C6CCA-A1BD-445E-BBC8-44ECA1045178}.Debug|Any CPU.Build.0 = Debug|Any CPU
		{9F2C6CCA-A1BD-445E-BBC8-44ECA1045178}.Release|Any CPU.ActiveCfg = Release|Any CPU
		{9F2C6CCA-A1BD-445E-BBC8-44ECA1045178}.Release|Any CPU.Build.0 = Release|Any CPU
		{911E06FB-8CD0-4D0B-BE65-5520A8477B2F}.Debug|Any CPU.ActiveCfg = Debug|Any CPU
		{911E06FB-8CD0-4D0B-BE65-5520A8477B2F}.Debug|Any CPU.Build.0 = Debug|Any CPU
		{911E06FB-8CD0-4D0B-BE65-5520A8477B2F}.Release|Any CPU.ActiveCfg = Release|Any CPU
		{911E06FB-8CD0-4D0B-BE65-5520A8477B2F}.Release|Any CPU.Build.0 = Release|Any CPU
	EndGlobalSection
	GlobalSection(SolutionProperties) = preSolution
		HideSolutionNode = FALSE
	EndGlobalSection
	GlobalSection(NestedProjects) = preSolution
		{8AB96291-6672-4EA4-8FE7-55E8DED3A6D6} = {C5FBBA9A-CC5D-4782-8ED8-37CFD9B9CC09}
		{9EEDC151-A698-417E-B871-646682D63F77} = {C5FBBA9A-CC5D-4782-8ED8-37CFD9B9CC09}
		{2076F214-3325-4BCE-84C5-02C0A5DFF830} = {C5FBBA9A-CC5D-4782-8ED8-37CFD9B9CC09}
		{F3DE6C0D-2867-4F35-9DC1-372F8AC2D533} = {C5FBBA9A-CC5D-4782-8ED8-37CFD9B9CC09}
		{2F23180A-709F-410F-B1D2-BA3A5CB0CC5F} = {C5FBBA9A-CC5D-4782-8ED8-37CFD9B9CC09}
		{43D6028E-8958-4A8A-9873-A61D47444C0F} = {C5FBBA9A-CC5D-4782-8ED8-37CFD9B9CC09}
		{A72BDF80-860B-4440-A760-6E068CD0EBBA} = {C5FBBA9A-CC5D-4782-8ED8-37CFD9B9CC09}
		{3D974060-1222-4BEA-ACAB-1E67BDD59271} = {0D602698-6D77-4F3E-AF46-AC9F62DB74FE}
		{70F1CFF4-018D-4081-9F29-E953D6B3AB55} = {3D974060-1222-4BEA-ACAB-1E67BDD59271}
		{EE48E013-3664-4C97-82A1-8FCB3117587F} = {70F1CFF4-018D-4081-9F29-E953D6B3AB55}
		{91DC27C1-2AEE-4D21-B7F6-3F0438765840} = {3D974060-1222-4BEA-ACAB-1E67BDD59271}
		{0ACDF8AF-42E0-4892-B24F-C0427469A799} = {91DC27C1-2AEE-4D21-B7F6-3F0438765840}
		{6258F1FE-6B2D-47EE-9989-20232A7DD761} = {70F1CFF4-018D-4081-9F29-E953D6B3AB55}
		{72FEB110-D1B1-4541-8780-F859FE457903} = {70F1CFF4-018D-4081-9F29-E953D6B3AB55}
		{A38FE9A0-0504-4FDA-BDE3-40B532765D39} = {3D974060-1222-4BEA-ACAB-1E67BDD59271}
		{5240AFEF-9746-45BB-B2DC-DDD09A737873} = {A38FE9A0-0504-4FDA-BDE3-40B532765D39}
		{3B5F813E-46FE-4015-9E13-D09C263C2FF8} = {A38FE9A0-0504-4FDA-BDE3-40B532765D39}
		{5C11BF7B-FA42-4438-925A-C0FBAA1BBEE7} = {3D974060-1222-4BEA-ACAB-1E67BDD59271}
		{F624108E-66E1-410E-A7D1-7D30FCBE144B} = {5C11BF7B-FA42-4438-925A-C0FBAA1BBEE7}
		{C7C98696-B5D7-48F2-A398-87041784940D} = {0D602698-6D77-4F3E-AF46-AC9F62DB74FE}
		{6DD9DC20-BDC3-4C23-AD6A-832F60C4D22E} = {3D974060-1222-4BEA-ACAB-1E67BDD59271}
		{8ABCFD7C-9D86-4DD8-8DE4-E19F9B67EE15} = {6DD9DC20-BDC3-4C23-AD6A-832F60C4D22E}
		{5DC89911-30A5-49E1-BA3A-999FD1300061} = {6DD9DC20-BDC3-4C23-AD6A-832F60C4D22E}
		{9F2C6CCA-A1BD-445E-BBC8-44ECA1045178} = {3D974060-1222-4BEA-ACAB-1E67BDD59271}
		{6E2878F3-ACDA-4A9C-AEE9-3D11ED95DD1C} = {32F0F3E1-4C50-4FFD-B43E-D27AA33AE34B}
		{911E06FB-8CD0-4D0B-BE65-5520A8477B2F} = {6E2878F3-ACDA-4A9C-AEE9-3D11ED95DD1C}
	EndGlobalSection
	GlobalSection(ExtensibilityGlobals) = postSolution
		SolutionGuid = {0A3EAE68-FEC1-4675-B297-B05334E0070D}
	EndGlobalSection
EndGlobal
